<Solution>
  <Folder Name="/deploy/">
    <File Path="deploy/otel/otel-collector-config.yaml" />
    <File Path="deploy/prometheus/prometheus.yml" />
  </Folder>
  <Folder Name="/deploy/k8s/">
    <File Path="deploy/k8s/configmap.yaml" />
    <File Path="deploy/k8s/deployment.yaml" />
    <File Path="deploy/k8s/hpa.yaml" />
    <File Path="deploy/k8s/migration-job.yaml" />
    <File Path="deploy/k8s/namespace.yaml" />
    <File Path="deploy/k8s/secret.example.yaml" />
    <File Path="deploy/k8s/service.yaml" />
  </Folder>
  <Folder Name="/solution-items/">
    <File Path=".editorconfig" />
    <File Path="Directory.Build.props" />
    <File Path="Directory.Packages.props" />
    <File Path="README.md" />
    <File Path="docker-compose.yml" />
    <File Path="global.json" />
  </Folder>
  <Folder Name="/src/">
    <Project Path="src/BookRent.Api/BookRent.Api.csproj" />
    <Project Path="src/BookRent.Application/BookRent.Application.csproj" />
    <Project Path="src/BookRent.Domain/BookRent.Domain.csproj" />
    <Project Path="src/BookRent.Infrastructure/BookRent.Infrastructure.csproj" />
  </Folder>
  <Folder Name="/tests/">
    <Project Path="tests/BookRent.IntegrationTests/BookRent.IntegrationTests.csproj" />
    <Project Path="tests/BookRent.UnitTests/BookRent.UnitTests.csproj" />
  </Folder>
</Solution>
